
Microsoft Visual Studio Solution File, Format Version 12.00
# Visual Studio Version 16
VisualStudioVersion = 16.0.29519.87
MinimumVisualStudioVersion = 10.0.40219.1
Project("{9A19103F-16F7-4668-BE54-9A1E7A4F7556}") = "SinglyLinkedListStack", "SinglyLinkedListStack.csproj", "{E5C95740-0B48-4AEC-91A4-7EFB14820E16}"
EndProject
Project("{9A19103F-16F7-4668-BE54-9A1E7A4F7556}") = "XUnitTestProject", "..\XUnitTestProject\XUnitTestProject.csproj", "{33F37DAB-0CC7-4A18-BA20-9944C16DF0EE}"
EndProject
Global
	GlobalSection(SolutionConfigurationPlatforms) = preSolution
		Debug|Any CPU = Debug|Any CPU
		Release|Any CPU = Release|Any CPU
	EndGlobalSection
	GlobalSection(ProjectConfigurationPlatforms) = postSolution
		{E5C95740-0B48-4AEC-91A4-7EFB14820E16}.Debug|Any CPU.ActiveCfg = Debug|Any CPU
		{E5C95740-0B48-4AEC-91A4-7EFB14820E16}.Debug|Any CPU.Build.0 = Debug|Any CPU
		{E5C95740-0B48-4AEC-91A4-7EFB14820E16}.Release|Any CPU.ActiveCfg = Release|Any CPU
		{E5C95740-0B48-4AEC-91A4-7EFB14820E16}.Release|Any CPU.Build.0 = Release|Any CPU
		{33F37DAB-0CC7-4A18-BA20-9944C16DF0EE}.Debug|Any CPU.ActiveCfg = Debug|Any CPU
		{33F37DAB-0CC7-4A18-BA20-9944C16DF0EE}.Debug|Any CPU.Build.0 = Debug|Any CPU
		{33F37DAB-0CC7-4A18-BA20-9944C16DF0EE}.Release|Any CPU.ActiveCfg = Release|Any CPU
		{33F37DAB-0CC7-4A18-BA20-9944C16DF0EE}.Release|Any CPU.Build.0 = Release|Any CPU
	EndGlobalSection
	GlobalSection(SolutionProperties) = preSolution
		HideSolutionNode = FALSE
	EndGlobalSection
	GlobalSection(ExtensibilityGlobals) = postSolution
		SolutionGuid = {C5659FBC-9DAA-4533-82F5-DC25562BAEF8}
	EndGlobalSection
EndGlobal
